// !$*UTF8*$!
{
	archiveVersion = 1;
	classes = {
	};
	objectVersion = 55;
	objects = {

/* Begin PBXBuildFile section */
		4D28EBDB282E8B0A007B1FFD /* AppDelegate.swift in Sources */ = {isa = PBXBuildFile; fileRef = 4D28EBDA282E8B0A007B1FFD /* AppDelegate.swift */; };
		4D28EBDD282E8B0A007B1FFD /* SceneDelegate.swift in Sources */ = {isa = PBXBuildFile; fileRef = 4D28EBDC282E8B0A007B1FFD /* SceneDelegate.swift */; };
		4D28EBDF282E8B0A007B1FFD /* ViewController.swift in Sources */ = {isa = PBXBuildFile; fileRef = 4D28EBDE282E8B0A007B1FFD /* ViewController.swift */; };
		4D28EBE2282E8B0A007B1FFD /* Main.storyboard in Resources */ = {isa = PBXBuildFile; fileRef = 4D28EBE0282E8B0A007B1FFD /* Main.storyboard */; };
		4D28EBE4282E8B0D007B1FFD /* Assets.xcassets in Resources */ = {isa = PBXBuildFile; fileRef = 4D28EBE3282E8B0D007B1FFD /* Assets.xcassets */; };
		4D28EBE7282E8B0D007B1FFD /* LaunchScreen.storyboard in Resources */ = {isa = PBXBuildFile; fileRef = 4D28EBE5282E8B0D007B1FFD /* LaunchScreen.storyboard */; };
		4D28EBF1282E8F2F007B1FFD /* softgames.html in Resources */ = {isa = PBXBuildFile; fileRef = 4D28EBF0282E8F2F007B1FFD /* softgames.html */; };
		4D8E9D88282E9F5800DDD2F8 /* Softgames_TestTests.swift in Sources */ = {isa = PBXBuildFile; fileRef = 4D8E9D87282E9F5800DDD2F8 /* Softgames_TestTests.swift */; };
/* End PBXBuildFile section */

/* Begin PBXContainerItemProxy section */
		4D8E9D89282E9F5800DDD2F8 /* PBXContainerItemProxy */ = {
			isa = PBXContainerItemProxy;
			containerPortal = 4D28EBCF282E8B09007B1FFD /* Project object */;
			proxyType = 1;
			remoteGlobalIDString = 4D28EBD6282E8B0A007B1FFD;
			remoteInfo = "Softgames@Test";
		};
/* End PBXContainerItemProxy section */

/* Begin PBXFileReference section */
		4D28EBD7282E8B0A007B1FFD /* Softgames@Test.app */ = {isa = PBXFileReference; explicitFileType = wrapper.application; includeInIndex = 0; path = "Softgames@Test.app"; sourceTree = BUILT_PRODUCTS_DIR; };
		4D28EBDA282E8B0A007B1FFD /* AppDelegate.swift */ = {isa = PBXFileReference; lastKnownFileType = sourcecode.swift; path = AppDelegate.swift; sourceTree = "<group>"; };
		4D28EBDC282E8B0A007B1FFD /* SceneDelegate.swift */ = {isa = PBXFileReference; lastKnownFileType = sourcecode.swift; path = SceneDelegate.swift; sourceTree = "<group>"; };
		4D28EBDE282E8B0A007B1FFD /* ViewController.swift */ = {isa = PBXFileReference; lastKnownFileType = sourcecode.swift; path = ViewController.swift; sourceTree = "<group>"; };
		4D28EBE1282E8B0A007B1FFD /* Base */ = {isa = PBXFileReference; lastKnownFileType = file.storyboard; name = Base; path = Base.lproj/Main.storyboard; sourceTree = "<group>"; };
		4D28EBE3282E8B0D007B1FFD /* Assets.xcassets */ = {isa = PBXFileReference; lastKnownFileType = folder.assetcatalog; path = Assets.xcassets; sourceTree = "<group>"; };
		4D28EBE6282E8B0D007B1FFD /* Base */ = {isa = PBXFileReference; lastKnownFileType = file.storyboard; name = Base; path = Base.lproj/LaunchScreen.storyboard; sourceTree = "<group>"; };
		4D28EBE8282E8B0D007B1FFD /* Info.plist */ = {isa = PBXFileReference; lastKnownFileType = text.plist.xml; path = Info.plist; sourceTree = "<group>"; };
		4D28EBF0282E8F2F007B1FFD /* softgames.html */ = {isa = PBXFileReference; fileEncoding = 4; lastKnownFileType = text.html; path = softgames.html; sourceTree = "<group>"; };
		4D8E9D85282E9F5800DDD2F8 /* Softgames@TestTests.xctest */ = {isa = PBXFileReference; explicitFileType = wrapper.cfbundle; includeInIndex = 0; path = "Softgames@TestTests.xctest"; sourceTree = BUILT_PRODUCTS_DIR; };
		4D8E9D87282E9F5800DDD2F8 /* Softgames_TestTests.swift */ = {isa = PBXFileReference; lastKnownFileType = sourcecode.swift; path = Softgames_TestTests.swift; sourceTree = "<group>"; };
/* End PBXFileReference section */

/* Begin PBXFrameworksBuildPhase section */
		4D28EBD4282E8B0A007B1FFD /* Frameworks */ = {
			isa = PBXFrameworksBuildPhase;
			buildActionMask = 2147483647;
			files = (
			);
			runOnlyForDeploymentPostprocessing = 0;
		};
		4D8E9D82282E9F5800DDD2F8 /* Frameworks */ = {
			isa = PBXFrameworksBuildPhase;
			buildActionMask = 2147483647;
			files = (
			);
			runOnlyForDeploymentPostprocessing = 0;
		};
/* End PBXFrameworksBuildPhase section */

/* Begin PBXGroup section */
		4D28EBCE282E8B09007B1FFD = {
			isa = PBXGroup;
			children = (
				4D28EBD9282E8B0A007B1FFD /* Softgames@Test */,
				4D8E9D86282E9F5800DDD2F8 /* Softgames@TestTests */,
				4D28EBD8282E8B0A007B1FFD /* Products */,
			);
			sourceTree = "<group>";
		};
		4D28EBD8282E8B0A007B1FFD /* Products */ = {
			isa = PBXGroup;
			children = (
				4D28EBD7282E8B0A007B1FFD /* Softgames@Test.app */,
				4D8E9D85282E9F5800DDD2F8 /* Softgames@TestTests.xctest */,
			);
			name = Products;
			sourceTree = "<group>";
		};
		4D28EBD9282E8B0A007B1FFD /* Softgames@Test */ = {
			isa = PBXGroup;
			children = (
				4D28EBDA282E8B0A007B1FFD /* AppDelegate.swift */,
				4D28EBDC282E8B0A007B1FFD /* SceneDelegate.swift */,
				4D28EBDE282E8B0A007B1FFD /* ViewController.swift */,
				4D28EBEF282E8D07007B1FFD /* WebView */,
				4D28EBE0282E8B0A007B1FFD /* Main.storyboard */,
				4D28EBE3282E8B0D007B1FFD /* Assets.xcassets */,
				4D28EBE5282E8B0D007B1FFD /* LaunchScreen.storyboard */,
				4D28EBE8282E8B0D007B1FFD /* Info.plist */,
			);
			path = "Softgames@Test";
			sourceTree = "<group>";
		};
		4D28EBEF282E8D07007B1FFD /* WebView */ = {
			isa = PBXGroup;
			children = (
				4D28EBF0282E8F2F007B1FFD /* softgames.html */,
			);
			path = WebView;
			sourceTree = "<group>";
		};
		4D8E9D86282E9F5800DDD2F8 /* Softgames@TestTests */ = {
			isa = PBXGroup;
			children = (
				4D8E9D87282E9F5800DDD2F8 /* Softgames_TestTests.swift */,
			);
			path = "Softgames@TestTests";
			sourceTree = "<group>";
		};
/* End PBXGroup section */

/* Begin PBXNativeTarget section */
		4D28EBD6282E8B0A007B1FFD /* Softgames@Test */ = {
			isa = PBXNativeTarget;
			buildConfigurationList = 4D28EBEB282E8B0D007B1FFD /* Build configuration list for PBXNativeTarget "Softgames@Test" */;
			buildPhases = (
				4D28EBD3282E8B0A007B1FFD /* Sources */,
				4D28EBD4282E8B0A007B1FFD /* Frameworks */,
				4D28EBD5282E8B0A007B1FFD /* Resources */,
			);
			buildRules = (
			);
			dependencies = (
			);
			name = "Softgames@Test";
			productName = "Softgames@Test";
			productReference = 4D28EBD7282E8B0A007B1FFD /* Softgames@Test.app */;
			productType = "com.apple.product-type.application";
		};
		4D8E9D84282E9F5800DDD2F8 /* Softgames@TestTests */ = {
			isa = PBXNativeTarget;
			buildConfigurationList = 4D8E9D8B282E9F5800DDD2F8 /* Build configuration list for PBXNativeTarget "Softgames@TestTests" */;
			buildPhases = (
				4D8E9D81282E9F5800DDD2F8 /* Sources */,
				4D8E9D82282E9F5800DDD2F8 /* Frameworks */,
				4D8E9D83282E9F5800DDD2F8 /* Resources */,
			);
			buildRules = (
			);
			dependencies = (
				4D8E9D8A282E9F5800DDD2F8 /* PBXTargetDependency */,
			);
			name = "Softgames@TestTests";
			productName = "Softgames@TestTests";
			productReference = 4D8E9D85282E9F5800DDD2F8 /* Softgames@TestTests.xctest */;
			productType = "com.apple.product-type.bundle.unit-test";
		};
/* End PBXNativeTarget section */

/* Begin PBXProject section */
		4D28EBCF282E8B09007B1FFD /* Project object */ = {
			isa = PBXProject;
			attributes = {
				BuildIndependentTargetsInParallel = 1;
				LastSwiftUpdateCheck = 1320;
				LastUpgradeCheck = 1320;
				TargetAttributes = {
					4D28EBD6282E8B0A007B1FFD = {
						CreatedOnToolsVersion = 13.2.1;
					};
					4D8E9D84282E9F5800DDD2F8 = {
						CreatedOnToolsVersion = 13.2.1;
						TestTargetID = 4D28EBD6282E8B0A007B1FFD;
					};
				};
			};
			buildConfigurationList = 4D28EBD2282E8B09007B1FFD /* Build configuration list for PBXProject "Softgames@Test" */;
			compatibilityVersion = "Xcode 13.0";
			developmentRegion = en;
			hasScannedForEncodings = 0;
			knownRegions = (
				en,
				Base,
			);
			mainGroup = 4D28EBCE282E8B09007B1FFD;
			productRefGroup = 4D28EBD8282E8B0A007B1FFD /* Products */;
			projectDirPath = "";
			projectRoot = "";
			targets = (
				4D28EBD6282E8B0A007B1FFD /* Softgames@Test */,
				4D8E9D84282E9F5800DDD2F8 /* Softgames@TestTests */,
			);
		};
/* End PBXProject section */

/* Begin PBXResourcesBuildPhase section */
		4D28EBD5282E8B0A007B1FFD /* Resources */ = {
			isa = PBXResourcesBuildPhase;
			buildActionMask = 2147483647;
			files = (
				4D28EBE7282E8B0D007B1FFD /* LaunchScreen.storyboard in Resources */,
				4D28EBE4282E8B0D007B1FFD /* Assets.xcassets in Resources */,
				4D28EBF1282E8F2F007B1FFD /* softgames.html in Resources */,
				4D28EBE2282E8B0A007B1FFD /* Main.storyboard in Resources */,
			);
			runOnlyForDeploymentPostprocessing = 0;
		};
		4D8E9D83282E9F5800DDD2F8 /* Resources */ = {
			isa = PBXResourcesBuildPhase;
			buildActionMask = 2147483647;
			files = (
			);
			runOnlyForDeploymentPostprocessing = 0;
		};
/* End PBXResourcesBuildPhase section */

/* Begin PBXSourcesBuildPhase section */
		4D28EBD3282E8B0A007B1FFD /* Sources */ = {
			isa = PBXSourcesBuildPhase;
			buildActionMask = 2147483647;
			files = (
				4D28EBDF282E8B0A007B1FFD /* ViewController.swift in Sources */,
				4D28EBDB282E8B0A007B1FFD /* AppDelegate.swift in Sources */,
				4D28EBDD282E8B0A007B1FFD /* SceneDelegate.swift in Sources */,
			);
			runOnlyForDeploymentPostprocessing = 0;
		};
		4D8E9D81282E9F5800DDD2F8 /* Sources */ = {
			isa = PBXSourcesBuildPhase;
			buildActionMask = 2147483647;
			files = (
				4D8E9D88282E9F5800DDD2F8 /* Softgames_TestTests.swift in Sources */,
			);
			runOnlyForDeploymentPostprocessing = 0;
		};
/* End PBXSourcesBuildPhase section */

/* Begin PBXTargetDependency section */
		4D8E9D8A282E9F5800DDD2F8 /* PBXTargetDependency */ = {
			isa = PBXTargetDependency;
			target = 4D28EBD6282E8B0A007B1FFD /* Softgames@Test */;
			targetProxy = 4D8E9D89282E9F5800DDD2F8 /* PBXContainerItemProxy */;
		};
/* End PBXTargetDependency section */

/* Begin PBXVariantGroup section */
		4D28EBE0282E8B0A007B1FFD /* Main.storyboard */ = {
			isa = PBXVariantGroup;
			children = (
				4D28EBE1282E8B0A007B1FFD /* Base */,
			);
			name = Main.storyboard;
			sourceTree = "<group>";
		};
		4D28EBE5282E8B0D007B1FFD /* LaunchScreen.storyboard */ = {
			isa = PBXVariantGroup;
			children = (
				4D28EBE6282E8B0D007B1FFD /* Base */,
			);
			name = LaunchScreen.storyboard;
			sourceTree = "<group>";
		};
/* End PBXVariantGroup section */

/* Begin XCBuildConfiguration section */
		4D28EBE9282E8B0D007B1FFD /* Debug */ = {
			isa = XCBuildConfiguration;
			buildSettings = {
				ALWAYS_SEARCH_USER_PATHS = NO;
				CLANG_ANALYZER_NONNULL = YES;
				CLANG_ANALYZER_NUMBER_OBJECT_CONVERSION = YES_AGGRESSIVE;
				CLANG_CXX_LANGUAGE_STANDARD = "gnu++17";
				CLANG_CXX_LIBRARY = "libc++";
				CLANG_ENABLE_MODULES = YES;
				CLANG_ENABLE_OBJC_ARC = YES;
				CLANG_ENABLE_OBJC_WEAK = YES;
				CLANG_WARN_BLOCK_CAPTURE_AUTORELEASING = YES;
				CLANG_WARN_BOOL_CONVERSION = YES;
				CLANG_WARN_COMMA = YES;
				CLANG_WARN_CONSTANT_CONVERSION = YES;
				CLANG_WARN_DEPRECATED_OBJC_IMPLEMENTATIONS = YES;
				CLANG_WARN_DIRECT_OBJC_ISA_USAGE = YES_ERROR;
				CLANG_WARN_DOCUMENTATION_COMMENTS = YES;
				CLANG_WARN_EMPTY_BODY = YES;
				CLANG_WARN_ENUM_CONVERSION = YES;
				CLANG_WARN_INFINITE_RECURSION = YES;
				CLANG_WARN_INT_CONVERSION = YES;
				CLANG_WARN_NON_LITERAL_NULL_CONVERSION = YES;
				CLANG_WARN_OBJC_IMPLICIT_RETAIN_SELF = YES;
				CLANG_WARN_OBJC_LITERAL_CONVERSION = YES;
				CLANG_WARN_OBJC_ROOT_CLASS = YES_ERROR;
				CLANG_WARN_QUOTED_INCLUDE_IN_FRAMEWORK_HEADER = YES;
				CLANG_WARN_RANGE_LOOP_ANALYSIS = YES;
				CLANG_WARN_STRICT_PROTOTYPES = YES;
				CLANG_WARN_SUSPICIOUS_MOVE = YES;
				CLANG_WARN_UNGUARDED_AVAILABILITY = YES_AGGRESSIVE;
				CLANG_WARN_UNREACHABLE_CODE = YES;
				CLANG_WARN__DUPLICATE_METHOD_MATCH = YES;
				COPY_PHASE_STRIP = NO;
				DEBUG_INFORMATION_FORMAT = dwarf;
				ENABLE_STRICT_OBJC_MSGSEND = YES;
				ENABLE_TESTABILITY = YES;
				GCC_C_LANGUAGE_STANDARD = gnu11;
				GCC_DYNAMIC_NO_PIC = NO;
				GCC_NO_COMMON_BLOCKS = YES;
				GCC_OPTIMIZATION_LEVEL = 0;
				GCC_PREPROCESSOR_DEFINITIONS = (
					"DEBUG=1",
					"$(inherited)",
				);
				GCC_WARN_64_TO_32_BIT_CONVERSION = YES;
				GCC_WARN_ABOUT_RETURN_TYPE = YES_ERROR;
				GCC_WARN_UNDECLARED_SELECTOR = YES;
				GCC_WARN_UNINITIALIZED_AUTOS = YES_AGGRESSIVE;
				GCC_WARN_UNUSED_FUNCTION = YES;
				GCC_WARN_UNUSED_VARIABLE = YES;
				IPHONEOS_DEPLOYMENT_TARGET = 14.0;
				MTL_ENABLE_DEBUG_INFO = INCLUDE_SOURCE;
				MTL_FAST_MATH = YES;
				ONLY_ACTIVE_ARCH = YES;
				SDKROOT = iphoneos;
				SWIFT_ACTIVE_COMPILATION_CONDITIONS = DEBUG;
				SWIFT_OPTIMIZATION_LEVEL = "-Onone";
			};
			name = Debug;
		};
		4D28EBEA282E8B0D007B1FFD /* Release */ = {
			isa = XCBuildConfiguration;
			buildSettings = {
				ALWAYS_SEARCH_USER_PATHS = NO;
				CLANG_ANALYZER_NONNULL = YES;
				CLANG_ANALYZER_NUMBER_OBJECT_CONVERSION = YES_AGGRESSIVE;
				CLANG_CXX_LANGUAGE_STANDARD = "gnu++17";
				CLANG_CXX_LIBRARY = "libc++";
				CLANG_ENABLE_MODULES = YES;
				CLANG_ENABLE_OBJC_ARC = YES;
				CLANG_ENABLE_OBJC_WEAK = YES;
				CLANG_WARN_BLOCK_CAPTURE_AUTORELEASING = YES;
				CLANG_WARN_BOOL_CONVERSION = YES;
				CLANG_WARN_COMMA = YES;
				CLANG_WARN_CONSTANT_CONVERSION = YES;
				CLANG_WARN_DEPRECATED_OBJC_IMPLEMENTATIONS = YES;
				CLANG_WARN_DIRECT_OBJC_ISA_USAGE = YES_ERROR;
				CLANG_WARN_DOCUMENTATION_COMMENTS = YES;
				CLANG_WARN_EMPTY_BODY = YES;
				CLANG_WARN_ENUM_CONVERSION = YES;
				CLANG_WARN_INFINITE_RECURSION = YES;
				CLANG_WARN_INT_CONVERSION = YES;
				CLANG_WARN_NON_LITERAL_NULL_CONVERSION = YES;
				CLANG_WARN_OBJC_IMPLICIT_RETAIN_SELF = YES;
				CLANG_WARN_OBJC_LITERAL_CONVERSION = YES;
				CLANG_WARN_OBJC_ROOT_CLASS = YES_ERROR;
				CLANG_WARN_QUOTED_INCLUDE_IN_FRAMEWORK_HEADER = YES;
				CLANG_WARN_RANGE_LOOP_ANALYSIS = YES;
				CLANG_WARN_STRICT_PROTOTYPES = YES;
				CLANG_WARN_SUSPICIOUS_MOVE = YES;
				CLANG_WARN_UNGUARDED_AVAILABILITY = YES_AGGRESSIVE;
				CLANG_WARN_UNREACHABLE_CODE = YES;
				CLANG_WARN__DUPLICATE_METHOD_MATCH = YES;
				COPY_PHASE_STRIP = NO;
				DEBUG_INFORMATION_FORMAT = "dwarf-with-dsym";
				ENABLE_NS_ASSERTIONS = NO;
				ENABLE_STRICT_OBJC_MSGSEND = YES;
				GCC_C_LANGUAGE_STANDARD = gnu11;
				GCC_NO_COMMON_BLOCKS = YES;
				GCC_WARN_64_TO_32_BIT_CONVERSION = YES;
				GCC_WARN_ABOUT_RETURN_TYPE = YES_ERROR;
				GCC_WARN_UNDECLARED_SELECTOR = YES;
				GCC_WARN_UNINITIALIZED_AUTOS = YES_AGGRESSIVE;
				GCC_WARN_UNUSED_FUNCTION = YES;
				GCC_WARN_UNUSED_VARIABLE = YES;
				IPHONEOS_DEPLOYMENT_TARGET = 14.0;
				MTL_ENABLE_DEBUG_INFO = NO;
				MTL_FAST_MATH = YES;
				SDKROOT = iphoneos;
				SWIFT_COMPILATION_MODE = wholemodule;
				SWIFT_OPTIMIZATION_LEVEL = "-O";
				VALIDATE_PRODUCT = YES;
			};
			name = Release;
		};
		4D28EBEC282E8B0D007B1FFD /* Debug */ = {
			isa = XCBuildConfiguration;
			buildSettings = {
				ASSETCATALOG_COMPILER_APPICON_NAME = AppIcon;
				ASSETCATALOG_COMPILER_GLOBAL_ACCENT_COLOR_NAME = AccentColor;
				CODE_SIGN_STYLE = Automatic;
				CURRENT_PROJECT_VERSION = 1;
				DEVELOPMENT_TEAM = U6Z2MCMJT7;
				GENERATE_INFOPLIST_FILE = YES;
				INFOPLIST_FILE = "Softgames@Test/Info.plist";
				INFOPLIST_KEY_UIApplicationSupportsIndirectInputEvents = YES;
				INFOPLIST_KEY_UILaunchStoryboardName = LaunchScreen;
				INFOPLIST_KEY_UIMainStoryboardFile = Main;
				INFOPLIST_KEY_UISupportedInterfaceOrientations_iPad = "UIInterfaceOrientationPortrait UIInterfaceOrientationPortraitUpsideDown UIInterfaceOrientationLandscapeLeft UIInterfaceOrientationLandscapeRight";
				INFOPLIST_KEY_UISupportedInterfaceOrientations_iPhone = "UIInterfaceOrientationPortrait UIInterfaceOrientationLandscapeLeft UIInterfaceOrientationLandscapeRight";
				IPHONEOS_DEPLOYMENT_TARGET = 14.0;
				LD_RUNPATH_SEARCH_PATHS = (
					"$(inherited)",
					"@executable_path/Frameworks",
				);
				MARKETING_VERSION = 1.0;
				PRODUCT_BUNDLE_IDENTIFIER = "com.Softgames.Softgames-Test";
				PRODUCT_NAME = "$(TARGET_NAME)";
				SWIFT_EMIT_LOC_STRINGS = YES;
				SWIFT_VERSION = 5.0;
				TARGETED_DEVICE_FAMILY = "1,2";
			};
			name = Debug;
		};
		4D28EBED282E8B0D007B1FFD /* Release */ = {
			isa = XCBuildConfiguration;
			buildSettings = {
				ASSETCATALOG_COMPILER_APPICON_NAME = AppIcon;
				ASSETCATALOG_COMPILER_GLOBAL_ACCENT_COLOR_NAME = AccentColor;
				CODE_SIGN_STYLE = Automatic;
				CURRENT_PROJECT_VERSION = 1;
				DEVELOPMENT_TEAM = U6Z2MCMJT7;
				GENERATE_INFOPLIST_FILE = YES;
				INFOPLIST_FILE = "Softgames@Test/Info.plist";
				INFOPLIST_KEY_UIApplicationSupportsIndirectInputEvents = YES;
				INFOPLIST_KEY_UILaunchStoryboardName = LaunchScreen;
				INFOPLIST_KEY_UIMainStoryboardFile = Main;
				INFOPLIST_KEY_UISupportedInterfaceOrientations_iPad = "UIInterfaceOrientationPortrait UIInterfaceOrientationPortraitUpsideDown UIInterfaceOrientationLandscapeLeft UIInterfaceOrientationLandscapeRight";
				INFOPLIST_KEY_UISupportedInterfaceOrientations_iPhone = "UIInterfaceOrientationPortrait UIInterfaceOrientationLandscapeLeft UIInterfaceOrientationLandscapeRight";
				IPHONEOS_DEPLOYMENT_TARGET = 14.0;
				LD_RUNPATH_SEARCH_PATHS = (
					"$(inherited)",
					"@executable_path/Frameworks",
				);
				MARKETING_VERSION = 1.0;
				PRODUCT_BUNDLE_IDENTIFIER = "com.Softgames.Softgames-Test";
				PRODUCT_NAME = "$(TARGET_NAME)";
				SWIFT_EMIT_LOC_STRINGS = YES;
				SWIFT_VERSION = 5.0;
				TARGETED_DEVICE_FAMILY = "1,2";
			};
			name = Release;
		};
		4D8E9D8C282E9F5800DDD2F8 /* Debug */ = {
			isa = XCBuildConfiguration;
			buildSettings = {
				BUNDLE_LOADER = "$(TEST_HOST)";
				CODE_SIGN_STYLE = Automatic;
				CURRENT_PROJECT_VERSION = 1;
				DEVELOPMENT_TEAM = U6Z2MCMJT7;
				GENERATE_INFOPLIST_FILE = YES;
				IPHONEOS_DEPLOYMENT_TARGET = 15.2;
				MARKETING_VERSION = 1.0;
				PRODUCT_BUNDLE_IDENTIFIER = "com.Softgames.Softgames-TestTests";
				PRODUCT_NAME = "$(TARGET_NAME)";
				SWIFT_EMIT_LOC_STRINGS = NO;
				SWIFT_VERSION = 5.0;
				TARGETED_DEVICE_FAMILY = "1,2";
				TEST_HOST = "$(BUILT_PRODUCTS_DIR)/Softgames@Test.app/Softgames@Test";
			};
			name = Debug;
		};
		4D8E9D8D282E9F5800DDD2F8 /* Release */ = {
			isa = XCBuildConfiguration;
			buildSettings = {
				BUNDLE_LOADER = "$(TEST_HOST)";
				CODE_SIGN_STYLE = Automatic;
				CURRENT_PROJECT_VERSION = 1;
				DEVELOPMENT_TEAM = U6Z2MCMJT7;
				GENERATE_INFOPLIST_FILE = YES;
				IPHONEOS_DEPLOYMENT_TARGET = 15.2;
				MARKETING_VERSION = 1.0;
				PRODUCT_BUNDLE_IDENTIFIER = "com.Softgames.Softgames-TestTests";
				PRODUCT_NAME = "$(TARGET_NAME)";
				SWIFT_EMIT_LOC_STRINGS = NO;
				SWIFT_VERSION = 5.0;
				TARGETED_DEVICE_FAMILY = "1,2";
				TEST_HOST = "$(BUILT_PRODUCTS_DIR)/Softgames@Test.app/Softgames@Test";
			};
			name = Release;
		};
/* End XCBuildConfiguration section */

/* Begin XCConfigurationList section */
		4D28EBD2282E8B09007B1FFD /* Build configuration list for PBXProject "Softgames@Test" */ = {
			isa = XCConfigurationList;
			buildConfigurations = (
				4D28EBE9282E8B0D007B1FFD /* Debug */,
				4D28EBEA282E8B0D007B1FFD /* Release */,
			);
			defaultConfigurationIsVisible = 0;
			defaultConfigurationName = Release;
		};
		4D28EBEB282E8B0D007B1FFD /* Build configuration list for PBXNativeTarget "Softgames@Test" */ = {
			isa = XCConfigurationList;
			buildConfigurations = (
				4D28EBEC282E8B0D007B1FFD /* Debug */,
				4D28EBED282E8B0D007B1FFD /* Release */,
			);
			defaultConfigurationIsVisible = 0;
			defaultConfigurationName = Release;
		};
		4D8E9D8B282E9F5800DDD2F8 /* Build configuration list for PBXNativeTarget "Softgames@TestTests" */ = {
			isa = XCConfigurationList;
			buildConfigurations = (
				4D8E9D8C282E9F5800DDD2F8 /* Debug */,
				4D8E9D8D282E9F5800DDD2F8 /* Release */,
			);
			defaultConfigurationIsVisible = 0;
			defaultConfigurationName = Release;
		};
/* End XCConfigurationList section */
	};
	rootObject = 4D28EBCF282E8B09007B1FFD /* Project object */;
}
